
Microsoft Visual Studio Solution File, Format Version 12.00
# Visual Studio Version 16
VisualStudioVersion = 16.0.29503.13
MinimumVisualStudioVersion = 10.0.40219.1
Project("{FAE04EC0-301F-11D3-BF4B-00C04F79EFBC}") = "ParseEdifact", "ParseEdifact\ParseEdifact.csproj", "{65442757-739A-420D-9A47-EE3138C2B054}"
EndProject
Global
	GlobalSection(SolutionConfigurationPlatforms) = preSolution
		Debug|Any CPU = Debug|Any CPU
		Release|Any CPU = Release|Any CPU
	EndGlobalSection
	GlobalSection(ProjectConfigurationPlatforms) = postSolution
		{65442757-739A-420D-9A47-EE3138C2B054}.Debug|Any CPU.ActiveCfg = Debug|Any CPU
		{65442757-739A-420D-9A47-EE3138C2B054}.Debug|Any CPU.Build.0 = Debug|Any CPU
		{65442757-739A-420D-9A47-EE3138C2B054}.Release|Any CPU.ActiveCfg = Release|Any CPU
		{65442757-739A-420D-9A47-EE3138C2B054}.Release|Any CPU.Build.0 = Release|Any CPU
	EndGlobalSection
	GlobalSection(SolutionProperties) = preSolution
		HideSolutionNode = FALSE
	EndGlobalSection
	GlobalSection(ExtensibilityGlobals) = postSolution
		SolutionGuid = {3B7027D2-1151-4716-8728-E4EA11CD0023}
	EndGlobalSection
EndGlobal
